
Microsoft Visual Studio Solution File, Format Version 12.00
# Visual Studio Version 16
VisualStudioVersion = 16.0.29519.181
MinimumVisualStudioVersion = 10.0.40219.1
Project("{FAE04EC0-301F-11D3-BF4B-00C04F79EFBC}") = "Jazzima1", "Jazzima1\Jazzima1.csproj", "{88D41A76-1C2D-4D0D-8AD7-2B49337D6EAA}"
EndProject
Global
	GlobalSection(SolutionConfigurationPlatforms) = preSolution
		Debug|Any CPU = Debug|Any CPU
		Release|Any CPU = Release|Any CPU
	EndGlobalSection
	GlobalSection(ProjectConfigurationPlatforms) = postSolution
		{88D41A76-1C2D-4D0D-8AD7-2B49337D6EAA}.Debug|Any CPU.ActiveCfg = Debug|Any CPU
		{88D41A76-1C2D-4D0D-8AD7-2B49337D6EAA}.Debug|Any CPU.Build.0 = Debug|Any CPU
		{88D41A76-1C2D-4D0D-8AD7-2B49337D6EAA}.Release|Any CPU.ActiveCfg = Release|Any CPU
		{88D41A76-1C2D-4D0D-8AD7-2B49337D6EAA}.Release|Any CPU.Build.0 = Release|Any CPU
	EndGlobalSection
	GlobalSection(SolutionProperties) = preSolution
		HideSolutionNode = FALSE
	EndGlobalSection
	GlobalSection(ExtensibilityGlobals) = postSolution
		SolutionGuid = {3CAB3E86-555A-4F7F-A527-79B676B3F5B0}
	EndGlobalSection
EndGlobal
